{
	"name": "@d2ts/behaviour",
	"version": "0.0.1",
	"lockfileVersion": 1,
	"requires": true,
	"dependencies": {
		"@d2ts/ts-fluent-bt": {
			"version": "1.12.0",
			"resolved": "https://registry.npmjs.org/@d2ts/ts-fluent-bt/-/ts-fluent-bt-1.12.0.tgz",
			"integrity": "sha512-ibgwuRZW6EZvn1w7ohOcD1fyvk57GiFlP83uxB9kF8P2yp/J2r6af+cZQSOZnWvefk29DXXI//4e5lutIoIWlw=="
		},
		"@types/lodash": {
			"version": "4.14.152",
			"resolved": "https://registry.npmjs.org/@types/lodash/-/lodash-4.14.152.tgz",
			"integrity": "sha512-Vwf9YF2x1GE3WNeUMjT5bTHa2DqgUo87ocdgTScupY2JclZ5Nn7W2RLM/N0+oreexUk8uaVugR81NnTY/jNNXg==",
			"dev": true
		},
		"@types/lodash.get": {
			"version": "4.4.6",
			"resolved": "https://registry.npmjs.org/@types/lodash.get/-/lodash.get-4.4.6.tgz",
			"integrity": "sha512-E6zzjR3GtNig8UJG/yodBeJeIOtgPkMgsLjDU3CbgCAPC++vJ0eCMnJhVpRZb/ENqEFlov1+3K9TKtY4UdWKtQ==",
			"dev": true,
			"requires": {
				"@types/lodash": "*"
			}
		},
		"lodash.get": {
			"version": "4.4.2",
			"resolved": "https://registry.npmjs.org/lodash.get/-/lodash.get-4.4.2.tgz",
			"integrity": "sha1-LRd/ZS+jHpObRDjVNBSZ36OCXpk="
		},
		"lodash.set": {
			"version": "4.3.2",
			"resolved": "https://registry.npmjs.org/lodash.set/-/lodash.set-4.3.2.tgz",
			"integrity": "sha1-2HV7HagH3eJIFrDWqEvqGnYjCyM="
		},
		"typescript": {
			"version": "3.9.3",
			"resolved": "https://registry.npmjs.org/typescript/-/typescript-3.9.3.tgz",
			"integrity": "sha512-D/wqnB2xzNFIcoBG9FG8cXRDjiqSTbG2wd8DMZeQyJlP1vfTkIxH4GKveWaEBYySKIg+USu+E+EDIR47SqnaMQ==",
			"dev": true
		}
	}
}
